lockfileVersion: 5.4

specifiers:
  lib0: ^0.2.63
  typescript: ^4.9.5
  yjs: ^13.5.48

dependencies:
  lib0: 0.2.63
  typescript: 4.9.5
  yjs: 13.5.48

packages:

  /isomorphic.js/0.2.5:
    resolution: {integrity: sha512-PIeMbHqMt4DnUP3MA/Flc0HElYjMXArsw1qwJZcm9sqR8mq3l8NYizFMty0pWwE/tzIGH3EKK5+jes5mAr85yw==}
    dev: false

  /lib0/0.2.63:
    resolution: {integrity: sha512-JhUd/JXR4rnWsSP1zup904ACbVFcdRieWoIGwGAtHww4zms0gNyi8EM30Rfftnk+6A10qQMSufjLM0/ncq06xw==}
    engines: {node: '>=14'}
    dependencies:
      isomorphic.js: 0.2.5
    dev: false

  /typescript/4.9.5:
    resolution: {integrity: sha512-1FXk9E2Hm+QzZQ7z+McJiHL4NW1F2EzMu9Nq9i3zAaGqibafqYwCVU6WyWAuyQRRzOlxou8xZSyXLEN8oKj24g==}
    engines: {node: '>=4.2.0'}
    hasBin: true
    dev: false

  /yjs/13.5.48:
    resolution: {integrity: sha512-RFUqe1UQa1iKfQ9wZkZQP33iEBBSTz6sW3S5CWzHEe0JVksOi8AzspSTvQk5VskoJj4HzMUYgaNcPrE0MqJ8xQ==}
    dependencies:
      lib0: 0.2.63
    dev: false
